<Solution>
  <Project Path="GitDashboard.Api/GitDashboard.Api.csproj" />
  <Project Path="GitDashboard.Domain/GitDashboard.Domain.csproj" />
  <Project Path="GitDashboard.Infrastructure/GitDashboard.Infrastructure.csproj" />
  <Project Path="GitDashboard.Worker/GitDashboard.Worker.csproj" />
</Solution>
